
Microsoft Visual Studio Solution File, Format Version 12.00
# Visual Studio Version 17
VisualStudioVersion = 17.5.33424.131
MinimumVisualStudioVersion = 10.0.40219.1
Project("{8BC9CEB8-8B4A-11D0-8D11-00A0C91BC942}") = "pointer", "pointer\pointer.vcxproj", "{01F950CE-66D6-4658-AA66-7F24D8DCF180}"
EndProject
Project("{8BC9CEB8-8B4A-11D0-8D11-00A0C91BC942}") = "pointer2", "ConsoleApplication1\ConsoleApplication1.vcxproj", "{7D54B4E4-C105-426C-8559-5AAB6F23C921}"
EndProject
Project("{8BC9CEB8-8B4A-11D0-8D11-00A0C91BC942}") = "friendclass", "friendclass\friendclass.vcxproj", "{CD45C2E3-C26A-4873-A913-22E34175B16E}"
EndProject
Project("{8BC9CEB8-8B4A-11D0-8D11-00A0C91BC942}") = "friendclass2", "friendclass2\friendclass2.vcxproj", "{2D286EA7-D35B-4CC8-AC71-4C753B302DC3}"
EndProject
Global
	GlobalSection(SolutionConfigurationPlatforms) = preSolution
		Debug|x64 = Debug|x64
		Debug|x86 = Debug|x86
		Release|x64 = Release|x64
		Release|x86 = Release|x86
	EndGlobalSection
	GlobalSection(ProjectConfigurationPlatforms) = postSolution
		{01F950CE-66D6-4658-AA66-7F24D8DCF180}.Debug|x64.ActiveCfg = Debug|x64
		{01F950CE-66D6-4658-AA66-7F24D8DCF180}.Debug|x64.Build.0 = Debug|x64
		{01F950CE-66D6-4658-AA66-7F24D8DCF180}.Debug|x86.ActiveCfg = Debug|Win32
		{01F950CE-66D6-4658-AA66-7F24D8DCF180}.Debug|x86.Build.0 = Debug|Win32
		{01F950CE-66D6-4658-AA66-7F24D8DCF180}.Release|x64.ActiveCfg = Release|x64
		{01F950CE-66D6-4658-AA66-7F24D8DCF180}.Release|x64.Build.0 = Release|x64
		{01F950CE-66D6-4658-AA66-7F24D8DCF180}.Release|x86.ActiveCfg = Release|Win32
		{01F950CE-66D6-4658-AA66-7F24D8DCF180}.Release|x86.Build.0 = Release|Win32
		{7D54B4E4-C105-426C-8559-5AAB6F23C921}.Debug|x64.ActiveCfg = Debug|x64
		{7D54B4E4-C105-426C-8559-5AAB6F23C921}.Debug|x64.Build.0 = Debug|x64
		{7D54B4E4-C105-426C-8559-5AAB6F23C921}.Debug|x86.ActiveCfg = Debug|Win32
		{7D54B4E4-C105-426C-8559-5AAB6F23C921}.Debug|x86.Build.0 = Debug|Win32
		{7D54B4E4-C105-426C-8559-5AAB6F23C921}.Release|x64.ActiveCfg = Release|x64
		{7D54B4E4-C105-426C-8559-5AAB6F23C921}.Release|x64.Build.0 = Release|x64
		{7D54B4E4-C105-426C-8559-5AAB6F23C921}.Release|x86.ActiveCfg = Release|Win32
		{7D54B4E4-C105-426C-8559-5AAB6F23C921}.Release|x86.Build.0 = Release|Win32
		{CD45C2E3-C26A-4873-A913-22E34175B16E}.Debug|x64.ActiveCfg = Debug|x64
		{CD45C2E3-C26A-4873-A913-22E34175B16E}.Debug|x64.Build.0 = Debug|x64
		{CD45C2E3-C26A-4873-A913-22E34175B16E}.Debug|x86.ActiveCfg = Debug|Win32
		{CD45C2E3-C26A-4873-A913-22E34175B16E}.Debug|x86.Build.0 = Debug|Win32
		{CD45C2E3-C26A-4873-A913-22E34175B16E}.Release|x64.ActiveCfg = Release|x64
		{CD45C2E3-C26A-4873-A913-22E34175B16E}.Release|x64.Build.0 = Release|x64
		{CD45C2E3-C26A-4873-A913-22E34175B16E}.Release|x86.ActiveCfg = Release|Win32
		{CD45C2E3-C26A-4873-A913-22E34175B16E}.Release|x86.Build.0 = Release|Win32
		{2D286EA7-D35B-4CC8-AC71-4C753B302DC3}.Debug|x64.ActiveCfg = Debug|x64
		{2D286EA7-D35B-4CC8-AC71-4C753B302DC3}.Debug|x64.Build.0 = Debug|x64
		{2D286EA7-D35B-4CC8-AC71-4C753B302DC3}.Debug|x86.ActiveCfg = Debug|Win32
		{2D286EA7-D35B-4CC8-AC71-4C753B302DC3}.Debug|x86.Build.0 = Debug|Win32
		{2D286EA7-D35B-4CC8-AC71-4C753B302DC3}.Release|x64.ActiveCfg = Release|x64
		{2D286EA7-D35B-4CC8-AC71-4C753B302DC3}.Release|x64.Build.0 = Release|x64
		{2D286EA7-D35B-4CC8-AC71-4C753B302DC3}.Release|x86.ActiveCfg = Release|Win32
		{2D286EA7-D35B-4CC8-AC71-4C753B302DC3}.Release|x86.Build.0 = Release|Win32
	EndGlobalSection
	GlobalSection(SolutionProperties) = preSolution
		HideSolutionNode = FALSE
	EndGlobalSection
	GlobalSection(ExtensibilityGlobals) = postSolution
		SolutionGuid = {B4EDFF5F-3057-496C-90E3-C3313BC40278}
	EndGlobalSection
EndGlobal
